
Microsoft Visual Studio Solution File, Format Version 12.00
# Visual Studio Version 16
VisualStudioVersion = 16.0.29519.181
MinimumVisualStudioVersion = 10.0.40219.1
Project("{9A19103F-16F7-4668-BE54-9A1E7A4F7556}") = "CizimApp", "CizimApp\CizimApp.csproj", "{FC5595BF-B719-4C06-86F3-A3CA05EDB383}"
EndProject
Project("{FAE04EC0-301F-11D3-BF4B-00C04F79EFBC}") = "KickCheckWork", "KickCheckWork\KickCheckWork.csproj", "{D288A113-3C37-4B59-841F-543A5F80223A}"
EndProject
Global
	GlobalSection(SolutionConfigurationPlatforms) = preSolution
		Debug|Any CPU = Debug|Any CPU
		Release|Any CPU = Release|Any CPU
	EndGlobalSection
	GlobalSection(ProjectConfigurationPlatforms) = postSolution
		{FC5595BF-B719-4C06-86F3-A3CA05EDB383}.Debug|Any CPU.ActiveCfg = Debug|Any CPU
		{FC5595BF-B719-4C06-86F3-A3CA05EDB383}.Debug|Any CPU.Build.0 = Debug|Any CPU
		{FC5595BF-B719-4C06-86F3-A3CA05EDB383}.Release|Any CPU.ActiveCfg = Release|Any CPU
		{FC5595BF-B719-4C06-86F3-A3CA05EDB383}.Release|Any CPU.Build.0 = Release|Any CPU
		{D288A113-3C37-4B59-841F-543A5F80223A}.Debug|Any CPU.ActiveCfg = Debug|Any CPU
		{D288A113-3C37-4B59-841F-543A5F80223A}.Debug|Any CPU.Build.0 = Debug|Any CPU
		{D288A113-3C37-4B59-841F-543A5F80223A}.Release|Any CPU.ActiveCfg = Release|Any CPU
		{D288A113-3C37-4B59-841F-543A5F80223A}.Release|Any CPU.Build.0 = Release|Any CPU
	EndGlobalSection
	GlobalSection(SolutionProperties) = preSolution
		HideSolutionNode = FALSE
	EndGlobalSection
	GlobalSection(ExtensibilityGlobals) = postSolution
		SolutionGuid = {EFC2C509-0EA1-4149-8182-3ED37E5F2059}
	EndGlobalSection
EndGlobal
